Microsoft Visual Studio Solution File, Format Version 12.00
# Visual Studio Version 17
VisualStudioVersion = 17.5.2.0
MinimumVisualStudioVersion = 10.0.40219.1
Project("{FAE04EC0-301F-11D3-BF4B-00C04F79EFBC}") = "TodoAppApi", "TodoAppApi.csproj", "{44955525-CEB1-EF71-DA9A-2D76F7EB4066}"
EndProject
Global
	GlobalSection(SolutionConfigurationPlatforms) = preSolution
		Debug|Any CPU = Debug|Any CPU
		Release|Any CPU = Release|Any CPU
	EndGlobalSection
	GlobalSection(ProjectConfigurationPlatforms) = postSolution
		{44955525-CEB1-EF71-DA9A-2D76F7EB4066}.Debug|Any CPU.ActiveCfg = Debug|Any CPU
		{44955525-CEB1-EF71-DA9A-2D76F7EB4066}.Debug|Any CPU.Build.0 = Debug|Any CPU
		{44955525-CEB1-EF71-DA9A-2D76F7EB4066}.Release|Any CPU.ActiveCfg = Release|Any CPU
		{44955525-CEB1-EF71-DA9A-2D76F7EB4066}.Release|Any CPU.Build.0 = Release|Any CPU
	EndGlobalSection
	GlobalSection(SolutionProperties) = preSolution
		HideSolutionNode = FALSE
	EndGlobalSection
	GlobalSection(ExtensibilityGlobals) = postSolution
		SolutionGuid = {EF71B1CC-3A32-41B9-9DE0-CE62DDB0A706}
	EndGlobalSection
EndGlobal
